Microsoft Visual Studio Solution File, Format Version 12.00
# Visual Studio Version 17
VisualStudioVersion = 17.5.2.0
MinimumVisualStudioVersion = 10.0.40219.1
Project("{FAE04EC0-301F-11D3-BF4B-00C04F79EFBC}") = "EVPulseContext", "EVPulseContext.csproj", "{34B52B5B-3006-DD24-B287-55DC40787EBC}"
EndProject
Global
	GlobalSection(SolutionConfigurationPlatforms) = preSolution
		Debug|Any CPU = Debug|Any CPU
		Release|Any CPU = Release|Any CPU
	EndGlobalSection
	GlobalSection(ProjectConfigurationPlatforms) = postSolution
		{34B52B5B-3006-DD24-B287-55DC40787EBC}.Debug|Any CPU.ActiveCfg = Debug|Any CPU
		{34B52B5B-3006-DD24-B287-55DC40787EBC}.Debug|Any CPU.Build.0 = Debug|Any CPU
		{34B52B5B-3006-DD24-B287-55DC40787EBC}.Release|Any CPU.ActiveCfg = Release|Any CPU
		{34B52B5B-3006-DD24-B287-55DC40787EBC}.Release|Any CPU.Build.0 = Release|Any CPU
	EndGlobalSection
	GlobalSection(SolutionProperties) = preSolution
		HideSolutionNode = FALSE
	EndGlobalSection
	GlobalSection(ExtensibilityGlobals) = postSolution
		SolutionGuid = {EA733B6A-4BCC-4228-B01E-00315FC1FC89}
	EndGlobalSection
EndGlobal
